
Microsoft Visual Studio Solution File, Format Version 12.00
# Visual Studio Version 17
VisualStudioVersion = 17.3.32901.215
MinimumVisualStudioVersion = 10.0.40219.1
Project("{FAE04EC0-301F-11D3-BF4B-00C04F79EFBC}") = "1.DAL", "1.DAL\1.DAL.csproj", "{1BA30641-FD51-462F-B8F8-884E4E8F62CF}"
EndProject
Project("{FAE04EC0-301F-11D3-BF4B-00C04F79EFBC}") = "2.BUS", "2.BUS\2.BUS.csproj", "{E29C2953-F274-436E-9D3E-20EE36389794}"
EndProject
Project("{FAE04EC0-301F-11D3-BF4B-00C04F79EFBC}") = "3.PL", "3.PL\3.PL.csproj", "{916BF0C6-30E4-4BEC-8F1A-F8F469271AC4}"
EndProject
Global
	GlobalSection(SolutionConfigurationPlatforms) = preSolution
		Debug|Any CPU = Debug|Any CPU
		Release|Any CPU = Release|Any CPU
	EndGlobalSection
	GlobalSection(ProjectConfigurationPlatforms) = postSolution
		{1BA30641-FD51-462F-B8F8-884E4E8F62CF}.Debug|Any CPU.ActiveCfg = Debug|Any CPU
		{1BA30641-FD51-462F-B8F8-884E4E8F62CF}.Debug|Any CPU.Build.0 = Debug|Any CPU
		{1BA30641-FD51-462F-B8F8-884E4E8F62CF}.Release|Any CPU.ActiveCfg = Release|Any CPU
		{1BA30641-FD51-462F-B8F8-884E4E8F62CF}.Release|Any CPU.Build.0 = Release|Any CPU
		{E29C2953-F274-436E-9D3E-20EE36389794}.Debug|Any CPU.ActiveCfg = Debug|Any CPU
		{E29C2953-F274-436E-9D3E-20EE36389794}.Debug|Any CPU.Build.0 = Debug|Any CPU
		{E29C2953-F274-436E-9D3E-20EE36389794}.Release|Any CPU.ActiveCfg = Release|Any CPU
		{E29C2953-F274-436E-9D3E-20EE36389794}.Release|Any CPU.Build.0 = Release|Any CPU
		{916BF0C6-30E4-4BEC-8F1A-F8F469271AC4}.Debug|Any CPU.ActiveCfg = Debug|Any CPU
		{916BF0C6-30E4-4BEC-8F1A-F8F469271AC4}.Debug|Any CPU.Build.0 = Debug|Any CPU
		{916BF0C6-30E4-4BEC-8F1A-F8F469271AC4}.Release|Any CPU.ActiveCfg = Release|Any CPU
		{916BF0C6-30E4-4BEC-8F1A-F8F469271AC4}.Release|Any CPU.Build.0 = Release|Any CPU
	EndGlobalSection
	GlobalSection(SolutionProperties) = preSolution
		HideSolutionNode = FALSE
	EndGlobalSection
	GlobalSection(ExtensibilityGlobals) = postSolution
		SolutionGuid = {65D9F438-11E7-4479-AA58-BF19056AA1A4}
	EndGlobalSection
EndGlobal
